
Microsoft Visual Studio Solution File, Format Version 12.00
# Visual Studio 15
VisualStudioVersion = 15.0.28307.1259
MinimumVisualStudioVersion = 10.0.40219.1
Project("{FAE04EC0-301F-11D3-BF4B-00C04F79EFBC}") = "SM.Kafka.Producer", "SM.Kafka.Producer\SM.Kafka.Producer.csproj", "{C5DCAE08-E343-4048-9CE5-1230E81641C0}"
EndProject
Project("{FAE04EC0-301F-11D3-BF4B-00C04F79EFBC}") = "SM.Kafka.Consumer", "SM.Kafka.Consumer\SM.Kafka.Consumer.csproj", "{12595C5D-863F-45BD-AEC3-68E3710390D6}"
EndProject
Global
	GlobalSection(SolutionConfigurationPlatforms) = preSolution
		Debug|Any CPU = Debug|Any CPU
		Release|Any CPU = Release|Any CPU
	EndGlobalSection
	GlobalSection(ProjectConfigurationPlatforms) = postSolution
		{C5DCAE08-E343-4048-9CE5-1230E81641C0}.Debug|Any CPU.ActiveCfg = Debug|Any CPU
		{C5DCAE08-E343-4048-9CE5-1230E81641C0}.Debug|Any CPU.Build.0 = Debug|Any CPU
		{C5DCAE08-E343-4048-9CE5-1230E81641C0}.Release|Any CPU.ActiveCfg = Release|Any CPU
		{C5DCAE08-E343-4048-9CE5-1230E81641C0}.Release|Any CPU.Build.0 = Release|Any CPU
		{12595C5D-863F-45BD-AEC3-68E3710390D6}.Debug|Any CPU.ActiveCfg = Debug|Any CPU
		{12595C5D-863F-45BD-AEC3-68E3710390D6}.Debug|Any CPU.Build.0 = Debug|Any CPU
		{12595C5D-863F-45BD-AEC3-68E3710390D6}.Release|Any CPU.ActiveCfg = Release|Any CPU
		{12595C5D-863F-45BD-AEC3-68E3710390D6}.Release|Any CPU.Build.0 = Release|Any CPU
	EndGlobalSection
	GlobalSection(SolutionProperties) = preSolution
		HideSolutionNode = FALSE
	EndGlobalSection
	GlobalSection(ExtensibilityGlobals) = postSolution
		SolutionGuid = {EA9FF68D-E98E-4E67-9B68-1E0329C8C38F}
	EndGlobalSection
EndGlobal
